{
  "object": {
    "pins": [
      {
        "package": "Angle",
        "repositoryURL": "https://github.com/geonu1109/Angle",
        "state": {
          "branch": null,
          "revision": "7f59a07ea9d0b80f463340a368637ef8fe2111a3",
          "version": "1.2.2"
        }
      }
    ]
  },
  "version": 1
}
